
Microsoft Visual Studio Solution File, Format Version 12.00
# Visual Studio Version 17
VisualStudioVersion = 17.11.35222.181
MinimumVisualStudioVersion = 10.0.40219.1
Project("{F184B08F-C81C-45F6-A57F-5ABD9991F28F}") = "TPC", "TPC\TPC.vbproj", "{444167E0-D870-46F6-99AF-E1320913E506}"
EndProject
Global
	GlobalSection(SolutionConfigurationPlatforms) = preSolution
		Debug|Any CPU = Debug|Any CPU
		Release|Any CPU = Release|Any CPU
	EndGlobalSection
	GlobalSection(ProjectConfigurationPlatforms) = postSolution
		{444167E0-D870-46F6-99AF-E1320913E506}.Debug|Any CPU.ActiveCfg = Debug|Any CPU
		{444167E0-D870-46F6-99AF-E1320913E506}.Debug|Any CPU.Build.0 = Debug|Any CPU
		{444167E0-D870-46F6-99AF-E1320913E506}.Release|Any CPU.ActiveCfg = Release|Any CPU
		{444167E0-D870-46F6-99AF-E1320913E506}.Release|Any CPU.Build.0 = Release|Any CPU
	EndGlobalSection
	GlobalSection(SolutionProperties) = preSolution
		HideSolutionNode = FALSE
	EndGlobalSection
	GlobalSection(ExtensibilityGlobals) = postSolution
		SolutionGuid = {7273B48D-D1F0-4991-8E5A-C13B699C2B45}
	EndGlobalSection
EndGlobal
